
Microsoft Visual Studio Solution File, Format Version 12.00
# Visual Studio Version 17
VisualStudioVersion = 17.11.35208.52
MinimumVisualStudioVersion = 10.0.40219.1
Project("{FAE04EC0-301F-11D3-BF4B-00C04F79EFBC}") = "WpfDataGridFilter", "WpfDataGridFilter\WpfDataGridFilter.csproj", "{780A66C2-9C92-4F42-8BC2-4A1D2D3C155B}"
EndProject
Global
	GlobalSection(SolutionConfigurationPlatforms) = preSolution
		Debug|Any CPU = Debug|Any CPU
		Release|Any CPU = Release|Any CPU
	EndGlobalSection
	GlobalSection(ProjectConfigurationPlatforms) = postSolution
		{780A66C2-9C92-4F42-8BC2-4A1D2D3C155B}.Debug|Any CPU.ActiveCfg = Debug|Any CPU
		{780A66C2-9C92-4F42-8BC2-4A1D2D3C155B}.Debug|Any CPU.Build.0 = Debug|Any CPU
		{780A66C2-9C92-4F42-8BC2-4A1D2D3C155B}.Release|Any CPU.ActiveCfg = Release|Any CPU
		{780A66C2-9C92-4F42-8BC2-4A1D2D3C155B}.Release|Any CPU.Build.0 = Release|Any CPU
	EndGlobalSection
	GlobalSection(SolutionProperties) = preSolution
		HideSolutionNode = FALSE
	EndGlobalSection
	GlobalSection(ExtensibilityGlobals) = postSolution
		SolutionGuid = {F0C586A2-B3C5-4AFF-86CE-D5AB3853FF72}
	EndGlobalSection
EndGlobal
