
Microsoft Visual Studio Solution File, Format Version 12.00
# Visual Studio Version 17
VisualStudioVersion = 17.11.35208.52
MinimumVisualStudioVersion = 10.0.40219.1
Project("{FAE04EC0-301F-11D3-BF4B-00C04F79EFBC}") = "WpfDataGridFilter", "src\WpfDataGridFilter\WpfDataGridFilter.csproj", "{780A66C2-9C92-4F42-8BC2-4A1D2D3C155B}"
EndProject
Project("{FAE04EC0-301F-11D3-BF4B-00C04F79EFBC}") = "WpfDataGridFilter.Example", "src\WpfDataGridFilter.Example\WpfDataGridFilter.Example.csproj", "{5650A520-C197-4E1E-83B7-F793FAB4F5BD}"
EndProject
Project("{FAE04EC0-301F-11D3-BF4B-00C04F79EFBC}") = "WpfDataGridFilter.DynamicLinq", "WpfDataGridFilter.DynamicLinq\WpfDataGridFilter.DynamicLinq.csproj", "{C5CCF2AA-8611-4360-83E1-748BE5F634B1}"
EndProject
Project("{FAE04EC0-301F-11D3-BF4B-00C04F79EFBC}") = "WpfDataGridFilter.OData", "WpfDataGridFilter.OData\WpfDataGridFilter.OData.csproj", "{C57B0254-0248-4194-8950-A407590AAE4D}"
EndProject
Project("{2150E333-8FDC-42A3-9474-1A3956D46DE8}") = "Adapters", "Adapters", "{02EA681E-C7D8-13C7-8484-4AC65E1B71E8}"
EndProject
Project("{2150E333-8FDC-42A3-9474-1A3956D46DE8}") = "Examples", "Examples", "{E723252D-A2CF-4456-9DED-FD89D69D2CE4}"
EndProject
Global
	GlobalSection(SolutionConfigurationPlatforms) = preSolution
		Debug|Any CPU = Debug|Any CPU
		Release|Any CPU = Release|Any CPU
	EndGlobalSection
	GlobalSection(ProjectConfigurationPlatforms) = postSolution
		{780A66C2-9C92-4F42-8BC2-4A1D2D3C155B}.Debug|Any CPU.ActiveCfg = Debug|Any CPU
		{780A66C2-9C92-4F42-8BC2-4A1D2D3C155B}.Debug|Any CPU.Build.0 = Debug|Any CPU
		{780A66C2-9C92-4F42-8BC2-4A1D2D3C155B}.Release|Any CPU.ActiveCfg = Release|Any CPU
		{780A66C2-9C92-4F42-8BC2-4A1D2D3C155B}.Release|Any CPU.Build.0 = Release|Any CPU
		{5650A520-C197-4E1E-83B7-F793FAB4F5BD}.Debug|Any CPU.ActiveCfg = Debug|Any CPU
		{5650A520-C197-4E1E-83B7-F793FAB4F5BD}.Debug|Any CPU.Build.0 = Debug|Any CPU
		{5650A520-C197-4E1E-83B7-F793FAB4F5BD}.Release|Any CPU.ActiveCfg = Release|Any CPU
		{5650A520-C197-4E1E-83B7-F793FAB4F5BD}.Release|Any CPU.Build.0 = Release|Any CPU
		{C5CCF2AA-8611-4360-83E1-748BE5F634B1}.Debug|Any CPU.ActiveCfg = Debug|Any CPU
		{C5CCF2AA-8611-4360-83E1-748BE5F634B1}.Debug|Any CPU.Build.0 = Debug|Any CPU
		{C5CCF2AA-8611-4360-83E1-748BE5F634B1}.Release|Any CPU.ActiveCfg = Release|Any CPU
		{C5CCF2AA-8611-4360-83E1-748BE5F634B1}.Release|Any CPU.Build.0 = Release|Any CPU
		{C57B0254-0248-4194-8950-A407590AAE4D}.Debug|Any CPU.ActiveCfg = Debug|Any CPU
		{C57B0254-0248-4194-8950-A407590AAE4D}.Debug|Any CPU.Build.0 = Debug|Any CPU
		{C57B0254-0248-4194-8950-A407590AAE4D}.Release|Any CPU.ActiveCfg = Release|Any CPU
		{C57B0254-0248-4194-8950-A407590AAE4D}.Release|Any CPU.Build.0 = Release|Any CPU
	EndGlobalSection
	GlobalSection(SolutionProperties) = preSolution
		HideSolutionNode = FALSE
	EndGlobalSection
	GlobalSection(NestedProjects) = preSolution
		{5650A520-C197-4E1E-83B7-F793FAB4F5BD} = {E723252D-A2CF-4456-9DED-FD89D69D2CE4}
		{C5CCF2AA-8611-4360-83E1-748BE5F634B1} = {02EA681E-C7D8-13C7-8484-4AC65E1B71E8}
		{C57B0254-0248-4194-8950-A407590AAE4D} = {02EA681E-C7D8-13C7-8484-4AC65E1B71E8}
	EndGlobalSection
	GlobalSection(ExtensibilityGlobals) = postSolution
		SolutionGuid = {F0C586A2-B3C5-4AFF-86CE-D5AB3853FF72}
	EndGlobalSection
EndGlobal
